
Microsoft Visual Studio Solution File, Format Version 12.00
# Visual Studio Version 17
VisualStudioVersion = 17.9.34622.214
MinimumVisualStudioVersion = 10.0.40219.1
Project("{FAE04EC0-301F-11D3-BF4B-00C04F79EFBC}") = "ConsoleApp1", "ConsoleApp1.csproj", "{99A48D29-EC64-4514-B11C-0A1C303C4E76}"
EndProject
Global
	GlobalSection(SolutionConfigurationPlatforms) = preSolution
		Debug|Any CPU = Debug|Any CPU
		Release|Any CPU = Release|Any CPU
	EndGlobalSection
	GlobalSection(ProjectConfigurationPlatforms) = postSolution
		{99A48D29-EC64-4514-B11C-0A1C303C4E76}.Debug|Any CPU.ActiveCfg = Debug|Any CPU
		{99A48D29-EC64-4514-B11C-0A1C303C4E76}.Debug|Any CPU.Build.0 = Debug|Any CPU
		{99A48D29-EC64-4514-B11C-0A1C303C4E76}.Release|Any CPU.ActiveCfg = Release|Any CPU
		{99A48D29-EC64-4514-B11C-0A1C303C4E76}.Release|Any CPU.Build.0 = Release|Any CPU
	EndGlobalSection
	GlobalSection(SolutionProperties) = preSolution
		HideSolutionNode = FALSE
	EndGlobalSection
	GlobalSection(ExtensibilityGlobals) = postSolution
		SolutionGuid = {5C3ECB03-2D1B-4DCC-8797-3573EA21826C}
	EndGlobalSection
EndGlobal
